
Microsoft Visual Studio Solution File, Format Version 12.00
# Visual Studio Version 17
VisualStudioVersion = 17.0.31611.283
MinimumVisualStudioVersion = 10.0.40219.1
Project("{FAE04EC0-301F-11D3-BF4B-00C04F79EFBC}") = "TrackHubMobile", "TrackHubMobile\TrackHubMobile.csproj", "{03E602CE-0F98-4058-9372-B53E32F28911}"
EndProject
Project("{FAE04EC0-301F-11D3-BF4B-00C04F79EFBC}") = "TrackHubMobile.MauiLib", "TrackHubMobile.MauiLib\TrackHubMobile.MauiLib.csproj", "{D3FA2E60-93D4-43A3-9CA7-A532BA109327}"
EndProject
Project("{2150E333-8FDC-42A3-9474-1A3956D46DE8}") = "Solution Items", "Solution Items", "{F4750B3F-2491-4CF0-AEA8-696FFC2D9FB5}"
	ProjectSection(SolutionItems) = preProject
		.editorconfig = .editorconfig
		Directory.Packages.props = Directory.Packages.props
		README.en.md = README.en.md
		README.es.md = README.es.md
		README.md = README.md
	EndProjectSection
EndProject
Global
	GlobalSection(SolutionConfigurationPlatforms) = preSolution
		Debug|Any CPU = Debug|Any CPU
		Release|Any CPU = Release|Any CPU
	EndGlobalSection
	GlobalSection(ProjectConfigurationPlatforms) = postSolution
		{03E602CE-0F98-4058-9372-B53E32F28911}.Debug|Any CPU.ActiveCfg = Debug|Any CPU
		{03E602CE-0F98-4058-9372-B53E32F28911}.Debug|Any CPU.Build.0 = Debug|Any CPU
		{03E602CE-0F98-4058-9372-B53E32F28911}.Debug|Any CPU.Deploy.0 = Debug|Any CPU
		{03E602CE-0F98-4058-9372-B53E32F28911}.Release|Any CPU.ActiveCfg = Release|Any CPU
		{03E602CE-0F98-4058-9372-B53E32F28911}.Release|Any CPU.Build.0 = Release|Any CPU
		{03E602CE-0F98-4058-9372-B53E32F28911}.Release|Any CPU.Deploy.0 = Release|Any CPU
		{D3FA2E60-93D4-43A3-9CA7-A532BA109327}.Debug|Any CPU.ActiveCfg = Debug|Any CPU
		{D3FA2E60-93D4-43A3-9CA7-A532BA109327}.Debug|Any CPU.Build.0 = Debug|Any CPU
		{D3FA2E60-93D4-43A3-9CA7-A532BA109327}.Release|Any CPU.ActiveCfg = Release|Any CPU
		{D3FA2E60-93D4-43A3-9CA7-A532BA109327}.Release|Any CPU.Build.0 = Release|Any CPU
	EndGlobalSection
	GlobalSection(SolutionProperties) = preSolution
		HideSolutionNode = FALSE
	EndGlobalSection
	GlobalSection(ExtensibilityGlobals) = postSolution
		        SolutionGuid = {9851C755-B3E3-4DA4-98AA-F5B5F36A6C1E}
		SolutionGuid = {ACBCD271-70B6-46B5-BD3A-869AAC6AE6AB}
	EndGlobalSection
EndGlobal
